
Microsoft Visual Studio Solution File, Format Version 12.00
# Visual Studio Version 17
VisualStudioVersion = 17.13.35818.85 d17.13
MinimumVisualStudioVersion = 10.0.40219.1
Project("{FAE04EC0-301F-11D3-BF4B-00C04F79EFBC}") = "TrueStoryAPI", "TrueStoryAPI\TrueStoryAPI.csproj", "{8A044D37-4AD4-4BD4-B827-4D3C4995CA8B}"
EndProject
Global
	GlobalSection(SolutionConfigurationPlatforms) = preSolution
		Debug|Any CPU = Debug|Any CPU
		Release|Any CPU = Release|Any CPU
	EndGlobalSection
	GlobalSection(ProjectConfigurationPlatforms) = postSolution
		{8A044D37-4AD4-4BD4-B827-4D3C4995CA8B}.Debug|Any CPU.ActiveCfg = Debug|Any CPU
		{8A044D37-4AD4-4BD4-B827-4D3C4995CA8B}.Debug|Any CPU.Build.0 = Debug|Any CPU
		{8A044D37-4AD4-4BD4-B827-4D3C4995CA8B}.Release|Any CPU.ActiveCfg = Release|Any CPU
		{8A044D37-4AD4-4BD4-B827-4D3C4995CA8B}.Release|Any CPU.Build.0 = Release|Any CPU
	EndGlobalSection
	GlobalSection(SolutionProperties) = preSolution
		HideSolutionNode = FALSE
	EndGlobalSection
	GlobalSection(ExtensibilityGlobals) = postSolution
		SolutionGuid = {525B6B61-B863-4CDB-8AED-5B0AE22702B3}
	EndGlobalSection
EndGlobal
